
Microsoft Visual Studio Solution File, Format Version 12.00
# Visual Studio Version 16
VisualStudioVersion = 16.0.31321.278
MinimumVisualStudioVersion = 10.0.40219.1
Project("{FAE04EC0-301F-11D3-BF4B-00C04F79EFBC}") = "Azure", "Azure\Azure.csproj", "{98831246-1CFB-4400-B540-EB874C935E7B}"
EndProject
Global
	GlobalSection(SolutionConfigurationPlatforms) = preSolution
		Debug|Any CPU = Debug|Any CPU
		Release|Any CPU = Release|Any CPU
	EndGlobalSection
	GlobalSection(ProjectConfigurationPlatforms) = postSolution
		{98831246-1CFB-4400-B540-EB874C935E7B}.Debug|Any CPU.ActiveCfg = Debug|Any CPU
		{98831246-1CFB-4400-B540-EB874C935E7B}.Debug|Any CPU.Build.0 = Debug|Any CPU
		{98831246-1CFB-4400-B540-EB874C935E7B}.Release|Any CPU.ActiveCfg = Release|Any CPU
		{98831246-1CFB-4400-B540-EB874C935E7B}.Release|Any CPU.Build.0 = Release|Any CPU
	EndGlobalSection
	GlobalSection(SolutionProperties) = preSolution
		HideSolutionNode = FALSE
	EndGlobalSection
	GlobalSection(ExtensibilityGlobals) = postSolution
		SolutionGuid = {169EF096-6CBA-40AE-A360-9B144BD64955}
	EndGlobalSection
EndGlobal
